
Microsoft Visual Studio Solution File, Format Version 12.00
# Visual Studio Version 17
VisualStudioVersion = 17.11.35219.272
MinimumVisualStudioVersion = 10.0.40219.1
Project("{888888A0-9F3D-457C-B088-3A5042F75D52}") = "Clasificador", "Clasificador\Clasificador.pyproj", "{30B9CE1A-FF46-464D-B7BF-E549749ED735}"
EndProject
Global
	GlobalSection(SolutionConfigurationPlatforms) = preSolution
		Debug|Any CPU = Debug|Any CPU
		Release|Any CPU = Release|Any CPU
	EndGlobalSection
	GlobalSection(ProjectConfigurationPlatforms) = postSolution
		{30B9CE1A-FF46-464D-B7BF-E549749ED735}.Debug|Any CPU.ActiveCfg = Debug|Any CPU
		{30B9CE1A-FF46-464D-B7BF-E549749ED735}.Release|Any CPU.ActiveCfg = Release|Any CPU
	EndGlobalSection
	GlobalSection(SolutionProperties) = preSolution
		HideSolutionNode = FALSE
	EndGlobalSection
	GlobalSection(ExtensibilityGlobals) = postSolution
		SolutionGuid = {E31358C3-65D3-4EFF-90E1-B8BEF0C6EAEA}
	EndGlobalSection
EndGlobal
